// !$*UTF8*$!
{
	archiveVersion = 1;
	classes = {
	};
	objectVersion = 55;
	objects = {

/* Begin PBXBuildFile section */
		C3509BF82887E67700F007D9 /* MDTApp.swift in Sources */ = {isa = PBXBuildFile; fileRef = C3509BE82887E67300F007D9 /* MDTApp.swift */; };
		C3509BF92887E67700F007D9 /* MDTApp.swift in Sources */ = {isa = PBXBuildFile; fileRef = C3509BE82887E67300F007D9 /* MDTApp.swift */; };
		C3509BFA2887E67700F007D9 /* WelcomePage.swift in Sources */ = {isa = PBXBuildFile; fileRef = C3509BE92887E67300F007D9 /* WelcomePage.swift */; };
		C3509BFB2887E67700F007D9 /* WelcomePage.swift in Sources */ = {isa = PBXBuildFile; fileRef = C3509BE92887E67300F007D9 /* WelcomePage.swift */; };
		C3509BFC2887E67700F007D9 /* Assets.xcassets in Resources */ = {isa = PBXBuildFile; fileRef = C3509BEA2887E67700F007D9 /* Assets.xcassets */; };
		C3509BFD2887E67700F007D9 /* Assets.xcassets in Resources */ = {isa = PBXBuildFile; fileRef = C3509BEA2887E67700F007D9 /* Assets.xcassets */; };
		C3509C072887ED1800F007D9 /* RegisterPage.swift in Sources */ = {isa = PBXBuildFile; fileRef = C3509C062887ED1700F007D9 /* RegisterPage.swift */; };
		C3509C082887ED1800F007D9 /* RegisterPage.swift in Sources */ = {isa = PBXBuildFile; fileRef = C3509C062887ED1700F007D9 /* RegisterPage.swift */; };
		C3509C0A2887F76A00F007D9 /* LoginPage.swift in Sources */ = {isa = PBXBuildFile; fileRef = C3509C092887F76A00F007D9 /* LoginPage.swift */; };
		C3509C0B2887F76A00F007D9 /* LoginPage.swift in Sources */ = {isa = PBXBuildFile; fileRef = C3509C092887F76A00F007D9 /* LoginPage.swift */; };
		C3509C132888189100F007D9 /* DefaultViewModifier.swift in Sources */ = {isa = PBXBuildFile; fileRef = C3509C122888189100F007D9 /* DefaultViewModifier.swift */; };
		C3509C142888189100F007D9 /* DefaultViewModifier.swift in Sources */ = {isa = PBXBuildFile; fileRef = C3509C122888189100F007D9 /* DefaultViewModifier.swift */; };
		C3509C1B28881DFA00F007D9 /* UINavigationController.swift in Sources */ = {isa = PBXBuildFile; fileRef = C3509C1A28881DFA00F007D9 /* UINavigationController.swift */; };
		C3509C1C28881DFA00F007D9 /* UINavigationController.swift in Sources */ = {isa = PBXBuildFile; fileRef = C3509C1A28881DFA00F007D9 /* UINavigationController.swift */; };
		C3509C212888223100F007D9 /* TextField.swift in Sources */ = {isa = PBXBuildFile; fileRef = C3509C202888223100F007D9 /* TextField.swift */; };
		C3509C222888223100F007D9 /* TextField.swift in Sources */ = {isa = PBXBuildFile; fileRef = C3509C202888223100F007D9 /* TextField.swift */; };
		C3509C252888247600F007D9 /* OutlinedTextFieldStyle.swift in Sources */ = {isa = PBXBuildFile; fileRef = C3509C242888247600F007D9 /* OutlinedTextFieldStyle.swift */; };
		C3509C262888247600F007D9 /* OutlinedTextFieldStyle.swift in Sources */ = {isa = PBXBuildFile; fileRef = C3509C242888247600F007D9 /* OutlinedTextFieldStyle.swift */; };
		C3509C332889419400F007D9 /* MDTService.swift in Sources */ = {isa = PBXBuildFile; fileRef = C3509C322889419400F007D9 /* MDTService.swift */; };
		C3509C342889419400F007D9 /* MDTService.swift in Sources */ = {isa = PBXBuildFile; fileRef = C3509C322889419400F007D9 /* MDTService.swift */; };
		C3509C372889421200F007D9 /* AuthRequest.swift in Sources */ = {isa = PBXBuildFile; fileRef = C3509C362889421200F007D9 /* AuthRequest.swift */; };
		C3509C382889421200F007D9 /* AuthRequest.swift in Sources */ = {isa = PBXBuildFile; fileRef = C3509C362889421200F007D9 /* AuthRequest.swift */; };
		C3509C3B288943AB00F007D9 /* TRON in Frameworks */ = {isa = PBXBuildFile; productRef = C3509C3A288943AB00F007D9 /* TRON */; };
		C3509C3E2889458800F007D9 /* AuthResponse.swift in Sources */ = {isa = PBXBuildFile; fileRef = C3509C3D2889458800F007D9 /* AuthResponse.swift */; };
		C3509C3F2889458800F007D9 /* AuthResponse.swift in Sources */ = {isa = PBXBuildFile; fileRef = C3509C3D2889458800F007D9 /* AuthResponse.swift */; };
		C3509C412889469B00F007D9 /* Encodable.swift in Sources */ = {isa = PBXBuildFile; fileRef = C3509C402889469B00F007D9 /* Encodable.swift */; };
		C3509C422889469B00F007D9 /* Encodable.swift in Sources */ = {isa = PBXBuildFile; fileRef = C3509C402889469B00F007D9 /* Encodable.swift */; };
		C3509C442889512700F007D9 /* ErrorResponse.swift in Sources */ = {isa = PBXBuildFile; fileRef = C3509C432889512700F007D9 /* ErrorResponse.swift */; };
		C3509C452889512700F007D9 /* ErrorResponse.swift in Sources */ = {isa = PBXBuildFile; fileRef = C3509C432889512700F007D9 /* ErrorResponse.swift */; };
		C3509C47288952E600F007D9 /* ProgressDialog.swift in Sources */ = {isa = PBXBuildFile; fileRef = C3509C46288952E600F007D9 /* ProgressDialog.swift */; };
		C3509C48288952E600F007D9 /* ProgressDialog.swift in Sources */ = {isa = PBXBuildFile; fileRef = C3509C46288952E600F007D9 /* ProgressDialog.swift */; };
		C3509C4A288953B200F007D9 /* View.swift in Sources */ = {isa = PBXBuildFile; fileRef = C3509C49288953B200F007D9 /* View.swift */; };
		C3509C4B288953B200F007D9 /* View.swift in Sources */ = {isa = PBXBuildFile; fileRef = C3509C49288953B200F007D9 /* View.swift */; };
		C3509C542889663900F007D9 /* KeychainSwift in Frameworks */ = {isa = PBXBuildFile; productRef = C3509C532889663900F007D9 /* KeychainSwift */; };
		C3509C562889678400F007D9 /* HomePage.swift in Sources */ = {isa = PBXBuildFile; fileRef = C3509C552889678400F007D9 /* HomePage.swift */; };
		C3509C572889678400F007D9 /* HomePage.swift in Sources */ = {isa = PBXBuildFile; fileRef = C3509C552889678400F007D9 /* HomePage.swift */; };
		C3509C5928896E1B00F007D9 /* TransferPage.swift in Sources */ = {isa = PBXBuildFile; fileRef = C3509C5828896E1B00F007D9 /* TransferPage.swift */; };
		C3509C5A28896E1B00F007D9 /* TransferPage.swift in Sources */ = {isa = PBXBuildFile; fileRef = C3509C5828896E1B00F007D9 /* TransferPage.swift */; };
		C3509C5C2889745300F007D9 /* BalanceCard.swift in Sources */ = {isa = PBXBuildFile; fileRef = C3509C5B2889745300F007D9 /* BalanceCard.swift */; };
		C3509C5D2889745300F007D9 /* BalanceCard.swift in Sources */ = {isa = PBXBuildFile; fileRef = C3509C5B2889745300F007D9 /* BalanceCard.swift */; };
		C3509C5F2889785600F007D9 /* CornerRadiusViewModifier.swift in Sources */ = {isa = PBXBuildFile; fileRef = C3509C5E2889785600F007D9 /* CornerRadiusViewModifier.swift */; };
		C3509C602889785600F007D9 /* CornerRadiusViewModifier.swift in Sources */ = {isa = PBXBuildFile; fileRef = C3509C5E2889785600F007D9 /* CornerRadiusViewModifier.swift */; };
		C3509C6228898A3000F007D9 /* User.swift in Sources */ = {isa = PBXBuildFile; fileRef = C3509C6128898A3000F007D9 /* User.swift */; };
		C3509C6328898A3000F007D9 /* User.swift in Sources */ = {isa = PBXBuildFile; fileRef = C3509C6128898A3000F007D9 /* User.swift */; };
		C3509C65288A4FE200F007D9 /* ListResponse.swift in Sources */ = {isa = PBXBuildFile; fileRef = C3509C64288A4FE200F007D9 /* ListResponse.swift */; };
		C3509C66288A4FE200F007D9 /* ListResponse.swift in Sources */ = {isa = PBXBuildFile; fileRef = C3509C64288A4FE200F007D9 /* ListResponse.swift */; };
		C3509C68288A5DEE00F007D9 /* TransferRequest.swift in Sources */ = {isa = PBXBuildFile; fileRef = C3509C67288A5DEE00F007D9 /* TransferRequest.swift */; };
		C3509C69288A5DEE00F007D9 /* TransferRequest.swift in Sources */ = {isa = PBXBuildFile; fileRef = C3509C67288A5DEE00F007D9 /* TransferRequest.swift */; };
		C3509C6B288A5E4600F007D9 /* TransferResponse.swift in Sources */ = {isa = PBXBuildFile; fileRef = C3509C6A288A5E4600F007D9 /* TransferResponse.swift */; };
		C3509C6C288A5E4600F007D9 /* TransferResponse.swift in Sources */ = {isa = PBXBuildFile; fileRef = C3509C6A288A5E4600F007D9 /* TransferResponse.swift */; };
		C3509C6E288A6B9B00F007D9 /* Transaction.swift in Sources */ = {isa = PBXBuildFile; fileRef = C3509C6D288A6B9B00F007D9 /* Transaction.swift */; };
		C3509C6F288A6B9B00F007D9 /* Transaction.swift in Sources */ = {isa = PBXBuildFile; fileRef = C3509C6D288A6B9B00F007D9 /* Transaction.swift */; };
		C3509C71288A7A2500F007D9 /* CardView.swift in Sources */ = {isa = PBXBuildFile; fileRef = C3509C70288A7A2500F007D9 /* CardView.swift */; };
		C3509C72288A7A2500F007D9 /* CardView.swift in Sources */ = {isa = PBXBuildFile; fileRef = C3509C70288A7A2500F007D9 /* CardView.swift */; };
		C3509C77288A82FE00F007D9 /* Double.swift in Sources */ = {isa = PBXBuildFile; fileRef = C3509C76288A82FE00F007D9 /* Double.swift */; };
		C3509C78288A82FE00F007D9 /* Double.swift in Sources */ = {isa = PBXBuildFile; fileRef = C3509C76288A82FE00F007D9 /* Double.swift */; };
/* End PBXBuildFile section */

/* Begin PBXFileReference section */
		C3509BE82887E67300F007D9 /* MDTApp.swift */ = {isa = PBXFileReference; lastKnownFileType = sourcecode.swift; path = MDTApp.swift; sourceTree = "<group>"; };
		C3509BE92887E67300F007D9 /* WelcomePage.swift */ = {isa = PBXFileReference; lastKnownFileType = sourcecode.swift; path = WelcomePage.swift; sourceTree = "<group>"; };
		C3509BEA2887E67700F007D9 /* Assets.xcassets */ = {isa = PBXFileReference; lastKnownFileType = folder.assetcatalog; path = Assets.xcassets; sourceTree = "<group>"; };
		C3509BEF2887E67700F007D9 /* MDT.app */ = {isa = PBXFileReference; explicitFileType = wrapper.application; includeInIndex = 0; path = MDT.app; sourceTree = BUILT_PRODUCTS_DIR; };
		C3509BF52887E67700F007D9 /* MDT.app */ = {isa = PBXFileReference; explicitFileType = wrapper.application; includeInIndex = 0; path = MDT.app; sourceTree = BUILT_PRODUCTS_DIR; };
		C3509BF72887E67700F007D9 /* macOS.entitlements */ = {isa = PBXFileReference; lastKnownFileType = text.plist.entitlements; path = macOS.entitlements; sourceTree = "<group>"; };
		C3509C062887ED1700F007D9 /* RegisterPage.swift */ = {isa = PBXFileReference; lastKnownFileType = sourcecode.swift; path = RegisterPage.swift; sourceTree = "<group>"; };
		C3509C092887F76A00F007D9 /* LoginPage.swift */ = {isa = PBXFileReference; lastKnownFileType = sourcecode.swift; path = LoginPage.swift; sourceTree = "<group>"; };
		C3509C122888189100F007D9 /* DefaultViewModifier.swift */ = {isa = PBXFileReference; lastKnownFileType = sourcecode.swift; path = DefaultViewModifier.swift; sourceTree = "<group>"; };
		C3509C1A28881DFA00F007D9 /* UINavigationController.swift */ = {isa = PBXFileReference; lastKnownFileType = sourcecode.swift; path = UINavigationController.swift; sourceTree = "<group>"; };
		C3509C202888223100F007D9 /* TextField.swift */ = {isa = PBXFileReference; lastKnownFileType = sourcecode.swift; path = TextField.swift; sourceTree = "<group>"; };
		C3509C242888247600F007D9 /* OutlinedTextFieldStyle.swift */ = {isa = PBXFileReference; lastKnownFileType = sourcecode.swift; path = OutlinedTextFieldStyle.swift; sourceTree = "<group>"; };
		C3509C322889419400F007D9 /* MDTService.swift */ = {isa = PBXFileReference; lastKnownFileType = sourcecode.swift; path = MDTService.swift; sourceTree = "<group>"; };
		C3509C362889421200F007D9 /* AuthRequest.swift */ = {isa = PBXFileReference; lastKnownFileType = sourcecode.swift; path = AuthRequest.swift; sourceTree = "<group>"; };
		C3509C3D2889458800F007D9 /* AuthResponse.swift */ = {isa = PBXFileReference; lastKnownFileType = sourcecode.swift; path = AuthResponse.swift; sourceTree = "<group>"; };
		C3509C402889469B00F007D9 /* Encodable.swift */ = {isa = PBXFileReference; lastKnownFileType = sourcecode.swift; path = Encodable.swift; sourceTree = "<group>"; };
		C3509C432889512700F007D9 /* ErrorResponse.swift */ = {isa = PBXFileReference; lastKnownFileType = sourcecode.swift; path = ErrorResponse.swift; sourceTree = "<group>"; };
		C3509C46288952E600F007D9 /* ProgressDialog.swift */ = {isa = PBXFileReference; lastKnownFileType = sourcecode.swift; path = ProgressDialog.swift; sourceTree = "<group>"; };
		C3509C49288953B200F007D9 /* View.swift */ = {isa = PBXFileReference; lastKnownFileType = sourcecode.swift; path = View.swift; sourceTree = "<group>"; };
		C3509C552889678400F007D9 /* HomePage.swift */ = {isa = PBXFileReference; lastKnownFileType = sourcecode.swift; path = HomePage.swift; sourceTree = "<group>"; };
		C3509C5828896E1B00F007D9 /* TransferPage.swift */ = {isa = PBXFileReference; lastKnownFileType = sourcecode.swift; path = TransferPage.swift; sourceTree = "<group>"; };
		C3509C5B2889745300F007D9 /* BalanceCard.swift */ = {isa = PBXFileReference; lastKnownFileType = sourcecode.swift; path = BalanceCard.swift; sourceTree = "<group>"; };
		C3509C5E2889785600F007D9 /* CornerRadiusViewModifier.swift */ = {isa = PBXFileReference; lastKnownFileType = sourcecode.swift; path = CornerRadiusViewModifier.swift; sourceTree = "<group>"; };
		C3509C6128898A3000F007D9 /* User.swift */ = {isa = PBXFileReference; lastKnownFileType = sourcecode.swift; path = User.swift; sourceTree = "<group>"; };
		C3509C64288A4FE200F007D9 /* ListResponse.swift */ = {isa = PBXFileReference; lastKnownFileType = sourcecode.swift; path = ListResponse.swift; sourceTree = "<group>"; };
		C3509C67288A5DEE00F007D9 /* TransferRequest.swift */ = {isa = PBXFileReference; lastKnownFileType = sourcecode.swift; path = TransferRequest.swift; sourceTree = "<group>"; };
		C3509C6A288A5E4600F007D9 /* TransferResponse.swift */ = {isa = PBXFileReference; lastKnownFileType = sourcecode.swift; path = TransferResponse.swift; sourceTree = "<group>"; };
		C3509C6D288A6B9B00F007D9 /* Transaction.swift */ = {isa = PBXFileReference; lastKnownFileType = sourcecode.swift; path = Transaction.swift; sourceTree = "<group>"; };
		C3509C70288A7A2500F007D9 /* CardView.swift */ = {isa = PBXFileReference; lastKnownFileType = sourcecode.swift; path = CardView.swift; sourceTree = "<group>"; };
		C3509C76288A82FE00F007D9 /* Double.swift */ = {isa = PBXFileReference; lastKnownFileType = sourcecode.swift; path = Double.swift; sourceTree = "<group>"; };
/* End PBXFileReference section */

/* Begin PBXFrameworksBuildPhase section */
		C3509BEC2887E67700F007D9 /* Frameworks */ = {
			isa = PBXFrameworksBuildPhase;
			buildActionMask = 2147483647;
			files = (
				C3509C542889663900F007D9 /* KeychainSwift in Frameworks */,
				C3509C3B288943AB00F007D9 /* TRON in Frameworks */,
			);
			runOnlyForDeploymentPostprocessing = 0;
		};
		C3509BF22887E67700F007D9 /* Frameworks */ = {
			isa = PBXFrameworksBuildPhase;
			buildActionMask = 2147483647;
			files = (
			);
			runOnlyForDeploymentPostprocessing = 0;
		};
/* End PBXFrameworksBuildPhase section */

/* Begin PBXGroup section */
		C3509BE22887E67300F007D9 = {
			isa = PBXGroup;
			children = (
				C3509BE72887E67300F007D9 /* Shared */,
				C3509BF62887E67700F007D9 /* macOS */,
				C3509BF02887E67700F007D9 /* Products */,
			);
			sourceTree = "<group>";
		};
		C3509BE72887E67300F007D9 /* Shared */ = {
			isa = PBXGroup;
			children = (
				C3509C4C2889623D00F007D9 /* Utils */,
				C3509C312889417000F007D9 /* Services */,
				C3509C302889416200F007D9 /* Models */,
				C3509C1928881DE900F007D9 /* Extensions */,
				C3509C0C288809EF00F007D9 /* Views */,
				C3509BE82887E67300F007D9 /* MDTApp.swift */,
				C3509BEA2887E67700F007D9 /* Assets.xcassets */,
			);
			path = Shared;
			sourceTree = "<group>";
		};
		C3509BF02887E67700F007D9 /* Products */ = {
			isa = PBXGroup;
			children = (
				C3509BEF2887E67700F007D9 /* MDT.app */,
				C3509BF52887E67700F007D9 /* MDT.app */,
			);
			name = Products;
			sourceTree = "<group>";
		};
		C3509BF62887E67700F007D9 /* macOS */ = {
			isa = PBXGroup;
			children = (
				C3509BF72887E67700F007D9 /* macOS.entitlements */,
			);
			path = macOS;
			sourceTree = "<group>";
		};
		C3509C0C288809EF00F007D9 /* Views */ = {
			isa = PBXGroup;
			children = (
				C3509C232888244F00F007D9 /* Styles */,
				C3509C1528881AB100F007D9 /* Widgets */,
				C3509C112888187200F007D9 /* Modifiers */,
				C3509C0D28880A0900F007D9 /* Pages */,
			);
			path = Views;
			sourceTree = "<group>";
		};
		C3509C0D28880A0900F007D9 /* Pages */ = {
			isa = PBXGroup;
			children = (
				C3509BE92887E67300F007D9 /* WelcomePage.swift */,
				C3509C092887F76A00F007D9 /* LoginPage.swift */,
				C3509C062887ED1700F007D9 /* RegisterPage.swift */,
				C3509C552889678400F007D9 /* HomePage.swift */,
				C3509C5828896E1B00F007D9 /* TransferPage.swift */,
			);
			path = Pages;
			sourceTree = "<group>";
		};
		C3509C112888187200F007D9 /* Modifiers */ = {
			isa = PBXGroup;
			children = (
				C3509C122888189100F007D9 /* DefaultViewModifier.swift */,
				C3509C5E2889785600F007D9 /* CornerRadiusViewModifier.swift */,
			);
			path = Modifiers;
			sourceTree = "<group>";
		};
		C3509C1528881AB100F007D9 /* Widgets */ = {
			isa = PBXGroup;
			children = (
				C3509C46288952E600F007D9 /* ProgressDialog.swift */,
				C3509C5B2889745300F007D9 /* BalanceCard.swift */,
				C3509C70288A7A2500F007D9 /* CardView.swift */,
			);
			path = Widgets;
			sourceTree = "<group>";
		};
		C3509C1928881DE900F007D9 /* Extensions */ = {
			isa = PBXGroup;
			children = (
				C3509C1A28881DFA00F007D9 /* UINavigationController.swift */,
				C3509C202888223100F007D9 /* TextField.swift */,
				C3509C402889469B00F007D9 /* Encodable.swift */,
				C3509C49288953B200F007D9 /* View.swift */,
				C3509C76288A82FE00F007D9 /* Double.swift */,
			);
			path = Extensions;
			sourceTree = "<group>";
		};
		C3509C232888244F00F007D9 /* Styles */ = {
			isa = PBXGroup;
			children = (
				C3509C242888247600F007D9 /* OutlinedTextFieldStyle.swift */,
			);
			path = Styles;
			sourceTree = "<group>";
		};
		C3509C302889416200F007D9 /* Models */ = {
			isa = PBXGroup;
			children = (
				C3509C6128898A3000F007D9 /* User.swift */,
				C3509C6D288A6B9B00F007D9 /* Transaction.swift */,
			);
			path = Models;
			sourceTree = "<group>";
		};
		C3509C312889417000F007D9 /* Services */ = {
			isa = PBXGroup;
			children = (
				C3509C3C2889452700F007D9 /* Responses */,
				C3509C35288941EC00F007D9 /* Requests */,
				C3509C322889419400F007D9 /* MDTService.swift */,
			);
			path = Services;
			sourceTree = "<group>";
		};
		C3509C35288941EC00F007D9 /* Requests */ = {
			isa = PBXGroup;
			children = (
				C3509C362889421200F007D9 /* AuthRequest.swift */,
				C3509C67288A5DEE00F007D9 /* TransferRequest.swift */,
			);
			path = Requests;
			sourceTree = "<group>";
		};
		C3509C3C2889452700F007D9 /* Responses */ = {
			isa = PBXGroup;
			children = (
				C3509C3D2889458800F007D9 /* AuthResponse.swift */,
				C3509C432889512700F007D9 /* ErrorResponse.swift */,
				C3509C64288A4FE200F007D9 /* ListResponse.swift */,
				C3509C6A288A5E4600F007D9 /* TransferResponse.swift */,
			);
			path = Responses;
			sourceTree = "<group>";
		};
		C3509C4C2889623D00F007D9 /* Utils */ = {
			isa = PBXGroup;
			children = (
			);
			path = Utils;
			sourceTree = "<group>";
		};
/* End PBXGroup section */

/* Begin PBXNativeTarget section */
		C3509BEE2887E67700F007D9 /* MDT (iOS) */ = {
			isa = PBXNativeTarget;
			buildConfigurationList = C3509C002887E67700F007D9 /* Build configuration list for PBXNativeTarget "MDT (iOS)" */;
			buildPhases = (
				C3509BEB2887E67700F007D9 /* Sources */,
				C3509BEC2887E67700F007D9 /* Frameworks */,
				C3509BED2887E67700F007D9 /* Resources */,
			);
			buildRules = (
			);
			dependencies = (
			);
			name = "MDT (iOS)";
			packageProductDependencies = (
				C3509C3A288943AB00F007D9 /* TRON */,
				C3509C532889663900F007D9 /* KeychainSwift */,
			);
			productName = "MDT (iOS)";
			productReference = C3509BEF2887E67700F007D9 /* MDT.app */;
			productType = "com.apple.product-type.application";
		};
		C3509BF42887E67700F007D9 /* MDT (macOS) */ = {
			isa = PBXNativeTarget;
			buildConfigurationList = C3509C032887E67700F007D9 /* Build configuration list for PBXNativeTarget "MDT (macOS)" */;
			buildPhases = (
				C3509BF12887E67700F007D9 /* Sources */,
				C3509BF22887E67700F007D9 /* Frameworks */,
				C3509BF32887E67700F007D9 /* Resources */,
			);
			buildRules = (
			);
			dependencies = (
			);
			name = "MDT (macOS)";
			productName = "MDT (macOS)";
			productReference = C3509BF52887E67700F007D9 /* MDT.app */;
			productType = "com.apple.product-type.application";
		};
/* End PBXNativeTarget section */

/* Begin PBXProject section */
		C3509BE32887E67300F007D9 /* Project object */ = {
			isa = PBXProject;
			attributes = {
				BuildIndependentTargetsInParallel = 1;
				LastSwiftUpdateCheck = 1340;
				LastUpgradeCheck = 1340;
				TargetAttributes = {
					C3509BEE2887E67700F007D9 = {
						CreatedOnToolsVersion = 13.4.1;
					};
					C3509BF42887E67700F007D9 = {
						CreatedOnToolsVersion = 13.4.1;
					};
				};
			};
			buildConfigurationList = C3509BE62887E67300F007D9 /* Build configuration list for PBXProject "MDT" */;
			compatibilityVersion = "Xcode 13.0";
			developmentRegion = en;
			hasScannedForEncodings = 0;
			knownRegions = (
				en,
				Base,
			);
			mainGroup = C3509BE22887E67300F007D9;
			packageReferences = (
				C3509C39288943AB00F007D9 /* XCRemoteSwiftPackageReference "TRON" */,
				C3509C522889663900F007D9 /* XCRemoteSwiftPackageReference "keychain-swift" */,
			);
			productRefGroup = C3509BF02887E67700F007D9 /* Products */;
			projectDirPath = "";
			projectRoot = "";
			targets = (
				C3509BEE2887E67700F007D9 /* MDT (iOS) */,
				C3509BF42887E67700F007D9 /* MDT (macOS) */,
			);
		};
/* End PBXProject section */

/* Begin PBXResourcesBuildPhase section */
		C3509BED2887E67700F007D9 /* Resources */ = {
			isa = PBXResourcesBuildPhase;
			buildActionMask = 2147483647;
			files = (
				C3509BFC2887E67700F007D9 /* Assets.xcassets in Resources */,
			);
			runOnlyForDeploymentPostprocessing = 0;
		};
		C3509BF32887E67700F007D9 /* Resources */ = {
			isa = PBXResourcesBuildPhase;
			buildActionMask = 2147483647;
			files = (
				C3509BFD2887E67700F007D9 /* Assets.xcassets in Resources */,
			);
			runOnlyForDeploymentPostprocessing = 0;
		};
/* End PBXResourcesBuildPhase section */

/* Begin PBXSourcesBuildPhase section */
		C3509BEB2887E67700F007D9 /* Sources */ = {
			isa = PBXSourcesBuildPhase;
			buildActionMask = 2147483647;
			files = (
				C3509BFA2887E67700F007D9 /* WelcomePage.swift in Sources */,
				C3509C132888189100F007D9 /* DefaultViewModifier.swift in Sources */,
				C3509C6E288A6B9B00F007D9 /* Transaction.swift in Sources */,
				C3509C5928896E1B00F007D9 /* TransferPage.swift in Sources */,
				C3509C77288A82FE00F007D9 /* Double.swift in Sources */,
				C3509C4A288953B200F007D9 /* View.swift in Sources */,
				C3509C072887ED1800F007D9 /* RegisterPage.swift in Sources */,
				C3509C6B288A5E4600F007D9 /* TransferResponse.swift in Sources */,
				C3509C252888247600F007D9 /* OutlinedTextFieldStyle.swift in Sources */,
				C3509C212888223100F007D9 /* TextField.swift in Sources */,
				C3509C0A2887F76A00F007D9 /* LoginPage.swift in Sources */,
				C3509C6228898A3000F007D9 /* User.swift in Sources */,
				C3509C65288A4FE200F007D9 /* ListResponse.swift in Sources */,
				C3509BF82887E67700F007D9 /* MDTApp.swift in Sources */,
				C3509C412889469B00F007D9 /* Encodable.swift in Sources */,
				C3509C71288A7A2500F007D9 /* CardView.swift in Sources */,
				C3509C5C2889745300F007D9 /* BalanceCard.swift in Sources */,
				C3509C5F2889785600F007D9 /* CornerRadiusViewModifier.swift in Sources */,
				C3509C332889419400F007D9 /* MDTService.swift in Sources */,
				C3509C3E2889458800F007D9 /* AuthResponse.swift in Sources */,
				C3509C47288952E600F007D9 /* ProgressDialog.swift in Sources */,
				C3509C372889421200F007D9 /* AuthRequest.swift in Sources */,
				C3509C68288A5DEE00F007D9 /* TransferRequest.swift in Sources */,
				C3509C1B28881DFA00F007D9 /* UINavigationController.swift in Sources */,
				C3509C442889512700F007D9 /* ErrorResponse.swift in Sources */,
				C3509C562889678400F007D9 /* HomePage.swift in Sources */,
			);
			runOnlyForDeploymentPostprocessing = 0;
		};
		C3509BF12887E67700F007D9 /* Sources */ = {
			isa = PBXSourcesBuildPhase;
			buildActionMask = 2147483647;
			files = (
				C3509BFB2887E67700F007D9 /* WelcomePage.swift in Sources */,
				C3509C142888189100F007D9 /* DefaultViewModifier.swift in Sources */,
				C3509C6F288A6B9B00F007D9 /* Transaction.swift in Sources */,
				C3509C5A28896E1B00F007D9 /* TransferPage.swift in Sources */,
				C3509C78288A82FE00F007D9 /* Double.swift in Sources */,
				C3509C4B288953B200F007D9 /* View.swift in Sources */,
				C3509C082887ED1800F007D9 /* RegisterPage.swift in Sources */,
				C3509C6C288A5E4600F007D9 /* TransferResponse.swift in Sources */,
				C3509C262888247600F007D9 /* OutlinedTextFieldStyle.swift in Sources */,
				C3509C222888223100F007D9 /* TextField.swift in Sources */,
				C3509C0B2887F76A00F007D9 /* LoginPage.swift in Sources */,
				C3509C6328898A3000F007D9 /* User.swift in Sources */,
				C3509C66288A4FE200F007D9 /* ListResponse.swift in Sources */,
				C3509BF92887E67700F007D9 /* MDTApp.swift in Sources */,
				C3509C422889469B00F007D9 /* Encodable.swift in Sources */,
				C3509C72288A7A2500F007D9 /* CardView.swift in Sources */,
				C3509C5D2889745300F007D9 /* BalanceCard.swift in Sources */,
				C3509C602889785600F007D9 /* CornerRadiusViewModifier.swift in Sources */,
				C3509C342889419400F007D9 /* MDTService.swift in Sources */,
				C3509C3F2889458800F007D9 /* AuthResponse.swift in Sources */,
				C3509C48288952E600F007D9 /* ProgressDialog.swift in Sources */,
				C3509C382889421200F007D9 /* AuthRequest.swift in Sources */,
				C3509C69288A5DEE00F007D9 /* TransferRequest.swift in Sources */,
				C3509C1C28881DFA00F007D9 /* UINavigationController.swift in Sources */,
				C3509C452889512700F007D9 /* ErrorResponse.swift in Sources */,
				C3509C572889678400F007D9 /* HomePage.swift in Sources */,
			);
			runOnlyForDeploymentPostprocessing = 0;
		};
/* End PBXSourcesBuildPhase section */

/* Begin XCBuildConfiguration section */
		C3509BFE2887E67700F007D9 /* Debug */ = {
			isa = XCBuildConfiguration;
			buildSettings = {
				ALWAYS_SEARCH_USER_PATHS = NO;
				CLANG_ANALYZER_NONNULL = YES;
				CLANG_ANALYZER_NUMBER_OBJECT_CONVERSION = YES_AGGRESSIVE;
				CLANG_CXX_LANGUAGE_STANDARD = "gnu++17";
				CLANG_ENABLE_MODULES = YES;
				CLANG_ENABLE_OBJC_ARC = YES;
				CLANG_ENABLE_OBJC_WEAK = YES;
				CLANG_WARN_BLOCK_CAPTURE_AUTORELEASING = YES;
				CLANG_WARN_BOOL_CONVERSION = YES;
				CLANG_WARN_COMMA = YES;
				CLANG_WARN_CONSTANT_CONVERSION = YES;
				CLANG_WARN_DEPRECATED_OBJC_IMPLEMENTATIONS = YES;
				CLANG_WARN_DIRECT_OBJC_ISA_USAGE = YES_ERROR;
				CLANG_WARN_DOCUMENTATION_COMMENTS = YES;
				CLANG_WARN_EMPTY_BODY = YES;
				CLANG_WARN_ENUM_CONVERSION = YES;
				CLANG_WARN_INFINITE_RECURSION = YES;
				CLANG_WARN_INT_CONVERSION = YES;
				CLANG_WARN_NON_LITERAL_NULL_CONVERSION = YES;
				CLANG_WARN_OBJC_IMPLICIT_RETAIN_SELF = YES;
				CLANG_WARN_OBJC_LITERAL_CONVERSION = YES;
				CLANG_WARN_OBJC_ROOT_CLASS = YES_ERROR;
				CLANG_WARN_QUOTED_INCLUDE_IN_FRAMEWORK_HEADER = YES;
				CLANG_WARN_RANGE_LOOP_ANALYSIS = YES;
				CLANG_WARN_STRICT_PROTOTYPES = YES;
				CLANG_WARN_SUSPICIOUS_MOVE = YES;
				CLANG_WARN_UNGUARDED_AVAILABILITY = YES_AGGRESSIVE;
				CLANG_WARN_UNREACHABLE_CODE = YES;
				CLANG_WARN__DUPLICATE_METHOD_MATCH = YES;
				COPY_PHASE_STRIP = NO;
				DEBUG_INFORMATION_FORMAT = dwarf;
				ENABLE_STRICT_OBJC_MSGSEND = YES;
				ENABLE_TESTABILITY = YES;
				GCC_C_LANGUAGE_STANDARD = gnu11;
				GCC_DYNAMIC_NO_PIC = NO;
				GCC_NO_COMMON_BLOCKS = YES;
				GCC_OPTIMIZATION_LEVEL = 0;
				GCC_PREPROCESSOR_DEFINITIONS = (
					"DEBUG=1",
					"$(inherited)",
				);
				GCC_WARN_64_TO_32_BIT_CONVERSION = YES;
				GCC_WARN_ABOUT_RETURN_TYPE = YES_ERROR;
				GCC_WARN_UNDECLARED_SELECTOR = YES;
				GCC_WARN_UNINITIALIZED_AUTOS = YES_AGGRESSIVE;
				GCC_WARN_UNUSED_FUNCTION = YES;
				GCC_WARN_UNUSED_VARIABLE = YES;
				MTL_ENABLE_DEBUG_INFO = INCLUDE_SOURCE;
				MTL_FAST_MATH = YES;
				ONLY_ACTIVE_ARCH = YES;
				SWIFT_ACTIVE_COMPILATION_CONDITIONS = DEBUG;
				SWIFT_OPTIMIZATION_LEVEL = "-Onone";
			};
			name = Debug;
		};
		C3509BFF2887E67700F007D9 /* Release */ = {
			isa = XCBuildConfiguration;
			buildSettings = {
				ALWAYS_SEARCH_USER_PATHS = NO;
				CLANG_ANALYZER_NONNULL = YES;
				CLANG_ANALYZER_NUMBER_OBJECT_CONVERSION = YES_AGGRESSIVE;
				CLANG_CXX_LANGUAGE_STANDARD = "gnu++17";
				CLANG_ENABLE_MODULES = YES;
				CLANG_ENABLE_OBJC_ARC = YES;
				CLANG_ENABLE_OBJC_WEAK = YES;
				CLANG_WARN_BLOCK_CAPTURE_AUTORELEASING = YES;
				CLANG_WARN_BOOL_CONVERSION = YES;
				CLANG_WARN_COMMA = YES;
				CLANG_WARN_CONSTANT_CONVERSION = YES;
				CLANG_WARN_DEPRECATED_OBJC_IMPLEMENTATIONS = YES;
				CLANG_WARN_DIRECT_OBJC_ISA_USAGE = YES_ERROR;
				CLANG_WARN_DOCUMENTATION_COMMENTS = YES;
				CLANG_WARN_EMPTY_BODY = YES;
				CLANG_WARN_ENUM_CONVERSION = YES;
				CLANG_WARN_INFINITE_RECURSION = YES;
				CLANG_WARN_INT_CONVERSION = YES;
				CLANG_WARN_NON_LITERAL_NULL_CONVERSION = YES;
				CLANG_WARN_OBJC_IMPLICIT_RETAIN_SELF = YES;
				CLANG_WARN_OBJC_LITERAL_CONVERSION = YES;
				CLANG_WARN_OBJC_ROOT_CLASS = YES_ERROR;
				CLANG_WARN_QUOTED_INCLUDE_IN_FRAMEWORK_HEADER = YES;
				CLANG_WARN_RANGE_LOOP_ANALYSIS = YES;
				CLANG_WARN_STRICT_PROTOTYPES = YES;
				CLANG_WARN_SUSPICIOUS_MOVE = YES;
				CLANG_WARN_UNGUARDED_AVAILABILITY = YES_AGGRESSIVE;
				CLANG_WARN_UNREACHABLE_CODE = YES;
				CLANG_WARN__DUPLICATE_METHOD_MATCH = YES;
				COPY_PHASE_STRIP = NO;
				DEBUG_INFORMATION_FORMAT = "dwarf-with-dsym";
				ENABLE_NS_ASSERTIONS = NO;
				ENABLE_STRICT_OBJC_MSGSEND = YES;
				GCC_C_LANGUAGE_STANDARD = gnu11;
				GCC_NO_COMMON_BLOCKS = YES;
				GCC_WARN_64_TO_32_BIT_CONVERSION = YES;
				GCC_WARN_ABOUT_RETURN_TYPE = YES_ERROR;
				GCC_WARN_UNDECLARED_SELECTOR = YES;
				GCC_WARN_UNINITIALIZED_AUTOS = YES_AGGRESSIVE;
				GCC_WARN_UNUSED_FUNCTION = YES;
				GCC_WARN_UNUSED_VARIABLE = YES;
				MTL_ENABLE_DEBUG_INFO = NO;
				MTL_FAST_MATH = YES;
				SWIFT_COMPILATION_MODE = wholemodule;
				SWIFT_OPTIMIZATION_LEVEL = "-O";
			};
			name = Release;
		};
		C3509C012887E67700F007D9 /* Debug */ = {
			isa = XCBuildConfiguration;
			buildSettings = {
				ASSETCATALOG_COMPILER_APPICON_NAME = AppIcon;
				ASSETCATALOG_COMPILER_GLOBAL_ACCENT_COLOR_NAME = AccentColor;
				CODE_SIGN_STYLE = Automatic;
				CURRENT_PROJECT_VERSION = 1;
				DEVELOPMENT_TEAM = 2743DBVG3D;
				ENABLE_PREVIEWS = YES;
				GENERATE_INFOPLIST_FILE = YES;
				INFOPLIST_KEY_UIApplicationSceneManifest_Generation = YES;
				INFOPLIST_KEY_UIApplicationSupportsIndirectInputEvents = YES;
				INFOPLIST_KEY_UILaunchScreen_Generation = YES;
				INFOPLIST_KEY_UISupportedInterfaceOrientations = UIInterfaceOrientationPortrait;
				INFOPLIST_KEY_UISupportedInterfaceOrientations_iPad = "UIInterfaceOrientationPortrait UIInterfaceOrientationPortraitUpsideDown UIInterfaceOrientationLandscapeLeft UIInterfaceOrientationLandscapeRight";
				INFOPLIST_KEY_UISupportedInterfaceOrientations_iPhone = "UIInterfaceOrientationPortrait UIInterfaceOrientationLandscapeLeft UIInterfaceOrientationLandscapeRight";
				IPHONEOS_DEPLOYMENT_TARGET = 15.5;
				LD_RUNPATH_SEARCH_PATHS = (
					"$(inherited)",
					"@executable_path/Frameworks",
				);
				MARKETING_VERSION = 1.0;
				PRODUCT_BUNDLE_IDENTIFIER = dev.tomykho.MDT;
				PRODUCT_NAME = MDT;
				SDKROOT = iphoneos;
				SWIFT_EMIT_LOC_STRINGS = YES;
				SWIFT_VERSION = 5.0;
				TARGETED_DEVICE_FAMILY = 1;
			};
			name = Debug;
		};
		C3509C022887E67700F007D9 /* Release */ = {
			isa = XCBuildConfiguration;
			buildSettings = {
				ASSETCATALOG_COMPILER_APPICON_NAME = AppIcon;
				ASSETCATALOG_COMPILER_GLOBAL_ACCENT_COLOR_NAME = AccentColor;
				CODE_SIGN_STYLE = Automatic;
				CURRENT_PROJECT_VERSION = 1;
				DEVELOPMENT_TEAM = 2743DBVG3D;
				ENABLE_PREVIEWS = YES;
				GENERATE_INFOPLIST_FILE = YES;
				INFOPLIST_KEY_UIApplicationSceneManifest_Generation = YES;
				INFOPLIST_KEY_UIApplicationSupportsIndirectInputEvents = YES;
				INFOPLIST_KEY_UILaunchScreen_Generation = YES;
				INFOPLIST_KEY_UISupportedInterfaceOrientations = UIInterfaceOrientationPortrait;
				INFOPLIST_KEY_UISupportedInterfaceOrientations_iPad = "UIInterfaceOrientationPortrait UIInterfaceOrientationPortraitUpsideDown UIInterfaceOrientationLandscapeLeft UIInterfaceOrientationLandscapeRight";
				INFOPLIST_KEY_UISupportedInterfaceOrientations_iPhone = "UIInterfaceOrientationPortrait UIInterfaceOrientationLandscapeLeft UIInterfaceOrientationLandscapeRight";
				IPHONEOS_DEPLOYMENT_TARGET = 15.5;
				LD_RUNPATH_SEARCH_PATHS = (
					"$(inherited)",
					"@executable_path/Frameworks",
				);
				MARKETING_VERSION = 1.0;
				PRODUCT_BUNDLE_IDENTIFIER = dev.tomykho.MDT;
				PRODUCT_NAME = MDT;
				SDKROOT = iphoneos;
				SWIFT_EMIT_LOC_STRINGS = YES;
				SWIFT_VERSION = 5.0;
				TARGETED_DEVICE_FAMILY = 1;
				VALIDATE_PRODUCT = YES;
			};
			name = Release;
		};
		C3509C042887E67700F007D9 /* Debug */ = {
			isa = XCBuildConfiguration;
			buildSettings = {
				ASSETCATALOG_COMPILER_APPICON_NAME = AppIcon;
				ASSETCATALOG_COMPILER_GLOBAL_ACCENT_COLOR_NAME = AccentColor;
				CODE_SIGN_ENTITLEMENTS = macOS/macOS.entitlements;
				CODE_SIGN_STYLE = Automatic;
				COMBINE_HIDPI_IMAGES = YES;
				CURRENT_PROJECT_VERSION = 1;
				DEVELOPMENT_TEAM = 2743DBVG3D;
				ENABLE_HARDENED_RUNTIME = YES;
				ENABLE_PREVIEWS = YES;
				GENERATE_INFOPLIST_FILE = YES;
				INFOPLIST_KEY_NSHumanReadableCopyright = "";
				LD_RUNPATH_SEARCH_PATHS = (
					"$(inherited)",
					"@executable_path/../Frameworks",
				);
				MACOSX_DEPLOYMENT_TARGET = 12.3;
				MARKETING_VERSION = 1.0;
				PRODUCT_BUNDLE_IDENTIFIER = dev.tomykho.MDT;
				PRODUCT_NAME = MDT;
				SDKROOT = macosx;
				SWIFT_EMIT_LOC_STRINGS = YES;
				SWIFT_VERSION = 5.0;
			};
			name = Debug;
		};
		C3509C052887E67700F007D9 /* Release */ = {
			isa = XCBuildConfiguration;
			buildSettings = {
				ASSETCATALOG_COMPILER_APPICON_NAME = AppIcon;
				ASSETCATALOG_COMPILER_GLOBAL_ACCENT_COLOR_NAME = AccentColor;
				CODE_SIGN_ENTITLEMENTS = macOS/macOS.entitlements;
				CODE_SIGN_STYLE = Automatic;
				COMBINE_HIDPI_IMAGES = YES;
				CURRENT_PROJECT_VERSION = 1;
				DEVELOPMENT_TEAM = 2743DBVG3D;
				ENABLE_HARDENED_RUNTIME = YES;
				ENABLE_PREVIEWS = YES;
				GENERATE_INFOPLIST_FILE = YES;
				INFOPLIST_KEY_NSHumanReadableCopyright = "";
				LD_RUNPATH_SEARCH_PATHS = (
					"$(inherited)",
					"@executable_path/../Frameworks",
				);
				MACOSX_DEPLOYMENT_TARGET = 12.3;
				MARKETING_VERSION = 1.0;
				PRODUCT_BUNDLE_IDENTIFIER = dev.tomykho.MDT;
				PRODUCT_NAME = MDT;
				SDKROOT = macosx;
				SWIFT_EMIT_LOC_STRINGS = YES;
				SWIFT_VERSION = 5.0;
			};
			name = Release;
		};
/* End XCBuildConfiguration section */

/* Begin XCConfigurationList section */
		C3509BE62887E67300F007D9 /* Build configuration list for PBXProject "MDT" */ = {
			isa = XCConfigurationList;
			buildConfigurations = (
				C3509BFE2887E67700F007D9 /* Debug */,
				C3509BFF2887E67700F007D9 /* Release */,
			);
			defaultConfigurationIsVisible = 0;
			defaultConfigurationName = Release;
		};
		C3509C002887E67700F007D9 /* Build configuration list for PBXNativeTarget "MDT (iOS)" */ = {
			isa = XCConfigurationList;
			buildConfigurations = (
				C3509C012887E67700F007D9 /* Debug */,
				C3509C022887E67700F007D9 /* Release */,
			);
			defaultConfigurationIsVisible = 0;
			defaultConfigurationName = Release;
		};
		C3509C032887E67700F007D9 /* Build configuration list for PBXNativeTarget "MDT (macOS)" */ = {
			isa = XCConfigurationList;
			buildConfigurations = (
				C3509C042887E67700F007D9 /* Debug */,
				C3509C052887E67700F007D9 /* Release */,
			);
			defaultConfigurationIsVisible = 0;
			defaultConfigurationName = Release;
		};
/* End XCConfigurationList section */

/* Begin XCRemoteSwiftPackageReference section */
		C3509C39288943AB00F007D9 /* XCRemoteSwiftPackageReference "TRON" */ = {
			isa = XCRemoteSwiftPackageReference;
			repositoryURL = "https://github.com/MLSDev/TRON.git";
			requirement = {
				kind = upToNextMajorVersion;
				minimumVersion = 5.0.0;
			};
		};
		C3509C522889663900F007D9 /* XCRemoteSwiftPackageReference "keychain-swift" */ = {
			isa = XCRemoteSwiftPackageReference;
			repositoryURL = "https://github.com/evgenyneu/keychain-swift.git";
			requirement = {
				branch = master;
				kind = branch;
			};
		};
/* End XCRemoteSwiftPackageReference section */

/* Begin XCSwiftPackageProductDependency section */
		C3509C3A288943AB00F007D9 /* TRON */ = {
			isa = XCSwiftPackageProductDependency;
			package = C3509C39288943AB00F007D9 /* XCRemoteSwiftPackageReference "TRON" */;
			productName = TRON;
		};
		C3509C532889663900F007D9 /* KeychainSwift */ = {
			isa = XCSwiftPackageProductDependency;
			package = C3509C522889663900F007D9 /* XCRemoteSwiftPackageReference "keychain-swift" */;
			productName = KeychainSwift;
		};
/* End XCSwiftPackageProductDependency section */
	};
	rootObject = C3509BE32887E67300F007D9 /* Project object */;
}
